
Microsoft Visual Studio Solution File, Format Version 12.00
# Visual Studio Version 17
VisualStudioVersion = 17.1.32210.238
MinimumVisualStudioVersion = 10.0.40219.1
Project("{9A19103F-16F7-4668-BE54-9A1E7A4F7556}") = "IT2163-07", "IT2163-07\IT2163-07.csproj", "{D784FA56-EFFF-4F76-9C7B-8A3382539E09}"
EndProject
Global
	GlobalSection(SolutionConfigurationPlatforms) = preSolution
		Debug|Any CPU = Debug|Any CPU
		Release|Any CPU = Release|Any CPU
	EndGlobalSection
	GlobalSection(ProjectConfigurationPlatforms) = postSolution
		{D784FA56-EFFF-4F76-9C7B-8A3382539E09}.Debug|Any CPU.ActiveCfg = Debug|Any CPU
		{D784FA56-EFFF-4F76-9C7B-8A3382539E09}.Debug|Any CPU.Build.0 = Debug|Any CPU
		{D784FA56-EFFF-4F76-9C7B-8A3382539E09}.Release|Any CPU.ActiveCfg = Release|Any CPU
		{D784FA56-EFFF-4F76-9C7B-8A3382539E09}.Release|Any CPU.Build.0 = Release|Any CPU
	EndGlobalSection
	GlobalSection(SolutionProperties) = preSolution
		HideSolutionNode = FALSE
	EndGlobalSection
	GlobalSection(ExtensibilityGlobals) = postSolution
		SolutionGuid = {4C48DFCE-5112-4EA1-AC71-56ABFC8F21EC}
	EndGlobalSection
EndGlobal
